
Microsoft Visual Studio Solution File, Format Version 12.00
# Visual Studio Version 17
VisualStudioVersion = 17.10.34916.146
MinimumVisualStudioVersion = 10.0.40219.1
Project("{FAE04EC0-301F-11D3-BF4B-00C04F79EFBC}") = "Scenario.Application", "Scenario.Application\Scenario.Application.csproj", "{253DC647-9B00-4B8F-AB5D-0F97F2D601ED}"
EndProject
Project("{FAE04EC0-301F-11D3-BF4B-00C04F79EFBC}") = "Scenario.Core", "Scenario.Core\Scenario.Core.csproj", "{D70D9393-7529-406C-B453-5ED546EF009C}"
EndProject
Project("{FAE04EC0-301F-11D3-BF4B-00C04F79EFBC}") = "Scenario.DataAccess", "Scenario.DataAccess\Scenario.DataAccess.csproj", "{8D2D607A-5FEE-45D4-8C4E-F7628EC4328F}"
EndProject
Project("{FAE04EC0-301F-11D3-BF4B-00C04F79EFBC}") = "Scenario.API", "Scenario.API\Scenario.API.csproj", "{B928011A-124F-4874-81C9-EE670C4CB8ED}"
EndProject
Global
	GlobalSection(SolutionConfigurationPlatforms) = preSolution
		Debug|Any CPU = Debug|Any CPU
		Release|Any CPU = Release|Any CPU
	EndGlobalSection
	GlobalSection(ProjectConfigurationPlatforms) = postSolution
		{253DC647-9B00-4B8F-AB5D-0F97F2D601ED}.Debug|Any CPU.ActiveCfg = Debug|Any CPU
		{253DC647-9B00-4B8F-AB5D-0F97F2D601ED}.Debug|Any CPU.Build.0 = Debug|Any CPU
		{253DC647-9B00-4B8F-AB5D-0F97F2D601ED}.Release|Any CPU.ActiveCfg = Release|Any CPU
		{253DC647-9B00-4B8F-AB5D-0F97F2D601ED}.Release|Any CPU.Build.0 = Release|Any CPU
		{D70D9393-7529-406C-B453-5ED546EF009C}.Debug|Any CPU.ActiveCfg = Debug|Any CPU
		{D70D9393-7529-406C-B453-5ED546EF009C}.Debug|Any CPU.Build.0 = Debug|Any CPU
		{D70D9393-7529-406C-B453-5ED546EF009C}.Release|Any CPU.ActiveCfg = Release|Any CPU
		{D70D9393-7529-406C-B453-5ED546EF009C}.Release|Any CPU.Build.0 = Release|Any CPU
		{8D2D607A-5FEE-45D4-8C4E-F7628EC4328F}.Debug|Any CPU.ActiveCfg = Debug|Any CPU
		{8D2D607A-5FEE-45D4-8C4E-F7628EC4328F}.Debug|Any CPU.Build.0 = Debug|Any CPU
		{8D2D607A-5FEE-45D4-8C4E-F7628EC4328F}.Release|Any CPU.ActiveCfg = Release|Any CPU
		{8D2D607A-5FEE-45D4-8C4E-F7628EC4328F}.Release|Any CPU.Build.0 = Release|Any CPU
		{B928011A-124F-4874-81C9-EE670C4CB8ED}.Debug|Any CPU.ActiveCfg = Debug|Any CPU
		{B928011A-124F-4874-81C9-EE670C4CB8ED}.Debug|Any CPU.Build.0 = Debug|Any CPU
		{B928011A-124F-4874-81C9-EE670C4CB8ED}.Release|Any CPU.ActiveCfg = Release|Any CPU
		{B928011A-124F-4874-81C9-EE670C4CB8ED}.Release|Any CPU.Build.0 = Release|Any CPU
	EndGlobalSection
	GlobalSection(SolutionProperties) = preSolution
		HideSolutionNode = FALSE
	EndGlobalSection
	GlobalSection(ExtensibilityGlobals) = postSolution
		SolutionGuid = {29224A61-0B6F-4A2E-A077-BFC3495FF885}
	EndGlobalSection
EndGlobal
